<?xml version="1.0" encoding="UTF-8"?>
<CONFIG>
  <ProjectOptions>
    <Version Value="11"/>
    <PathDelim Value="\"/>
    <General>
      <SessionStorage Value="InProjectDir"/>
      <MainUnit Value="0"/>
      <Title Value="HotFrameFx"/>
      <Scaled Value="True"/>
      <ResourceType Value="res"/>
      <UseXPManifest Value="True"/>
      <XPManifest>
        <DpiAware Value="True"/>
        <TextName Value="Kruizer23.HotFrameFx"/>
        <TextDesc Value="A system tray utility for configuring hot corner and edge actions."/>
      </XPManifest>
      <Icon Value="0"/>
    </General>
    <VersionInfo>
      <UseVersionInfo Value="True"/>
      <MajorVersionNr Value="1"/>
      <RevisionNr Value="1"/>
      <StringTable FileDescription="Hot corner and edge system tray utility" InternalName="hotframefx" LegalCopyright="Frank Voorburg" OriginalFilename="HotFrameFx.exe" ProductName="HotFrameFx"/>
    </VersionInfo>
    <BuildModes Count="2">
      <Item1 Name="Debug" Default="True"/>
      <Item2 Name="Release">
        <CompilerOptions>
          <Version Value="11"/>
          <PathDelim Value="\"/>
          <Target>
            <Filename Value="HotFrameFx"/>
          </Target>
          <SearchPaths>
            <IncludeFiles Value="$(ProjOutDir)"/>
            <UnitOutputDirectory Value="lib\$(TargetCPU)-$(TargetOS)"/>
          </SearchPaths>
          <CodeGeneration>
            <Optimizations>
              <OptimizationLevel Value="3"/>
            </Optimizations>
          </CodeGeneration>
          <Linking>
            <Debugging>
              <GenerateDebugInfo Value="False"/>
              <StripSymbols Value="True"/>
            </Debugging>
            <Options>
              <Win32>
                <GraphicApplication Value="True"/>
              </Win32>
            </Options>
          </Linking>
        </CompilerOptions>
      </Item2>
    </BuildModes>
    <PublishOptions>
      <Version Value="2"/>
      <UseFileFilters Value="True"/>
    </PublishOptions>
    <RunParams>
      <FormatVersion Value="2"/>
      <Modes Count="0"/>
    </RunParams>
    <RequiredPackages Count="2">
      <Item1>
        <PackageName Value="lazmouseandkeyinput"/>
      </Item1>
      <Item2>
        <PackageName Value="LCL"/>
      </Item2>
    </RequiredPackages>
    <Units Count="13">
      <Unit0>
        <Filename Value="HotFrameFx.lpr"/>
        <IsPartOfProject Value="True"/>
      </Unit0>
      <Unit1>
        <Filename Value="mainunit.pas"/>
        <IsPartOfProject Value="True"/>
        <ComponentName Value="MainForm"/>
        <HasResources Value="True"/>
        <ResourceBaseClass Value="Form"/>
        <UnitName Value="MainUnit"/>
      </Unit1>
      <Unit2>
        <Filename Value="corneredge.pas"/>
        <IsPartOfProject Value="True"/>
        <UnitName Value="CornerEdge"/>
      </Unit2>
      <Unit3>
        <Filename Value="appversion.pas"/>
        <IsPartOfProject Value="True"/>
        <UnitName Value="AppVersion"/>
      </Unit3>
      <Unit4>
        <Filename Value="aboutunit.pas"/>
        <IsPartOfProject Value="True"/>
        <ComponentName Value="AboutDialog"/>
        <HasResources Value="True"/>
        <ResourceBaseClass Value="Form"/>
        <UnitName Value="AboutUnit"/>
      </Unit4>
      <Unit5>
        <Filename Value="grabkey.pas"/>
        <IsPartOfProject Value="True"/>
        <ComponentName Value="GrabKeyFrame"/>
        <HasResources Value="True"/>
        <ResourceBaseClass Value="Frame"/>
        <UnitName Value="GrabKey"/>
      </Unit5>
      <Unit6>
        <Filename Value="pickapp.pas"/>
        <IsPartOfProject Value="True"/>
        <ComponentName Value="PickAppFrame"/>
        <HasResources Value="True"/>
        <ResourceBaseClass Value="Frame"/>
        <UnitName Value="PickApp"/>
      </Unit6>
      <Unit7>
        <Filename Value="keybinding.pas"/>
        <IsPartOfProject Value="True"/>
        <UnitName Value="KeyBinding"/>
      </Unit7>
      <Unit8>
        <Filename Value="hotaction.pas"/>
        <IsPartOfProject Value="True"/>
        <UnitName Value="HotAction"/>
      </Unit8>
      <Unit9>
        <Filename Value="appsettings.pas"/>
        <IsPartOfProject Value="True"/>
        <UnitName Value="AppSettings"/>
      </Unit9>
      <Unit10>
        <Filename Value="configactionunit.pas"/>
        <IsPartOfProject Value="True"/>
        <ComponentName Value="ConfigActionForm"/>
        <HasResources Value="True"/>
        <ResourceBaseClass Value="Form"/>
        <UnitName Value="ConfigActionUnit"/>
      </Unit10>
      <Unit11>
        <Filename Value="settingsunit.pas"/>
        <IsPartOfProject Value="True"/>
        <ComponentName Value="SettingsForm"/>
        <HasResources Value="True"/>
        <ResourceBaseClass Value="Form"/>
        <UnitName Value="SettingsUnit"/>
      </Unit11>
      <Unit12>
        <Filename Value="apputils.pas"/>
        <IsPartOfProject Value="True"/>
        <UnitName Value="AppUtils"/>
      </Unit12>
    </Units>
  </ProjectOptions>
  <CompilerOptions>
    <Version Value="11"/>
    <PathDelim Value="\"/>
    <Target>
      <Filename Value="HotFrameFx"/>
    </Target>
    <SearchPaths>
      <IncludeFiles Value="$(ProjOutDir)"/>
      <UnitOutputDirectory Value="lib\$(TargetCPU)-$(TargetOS)"/>
    </SearchPaths>
    <Linking>
      <Options>
        <Win32>
          <GraphicApplication Value="True"/>
        </Win32>
      </Options>
    </Linking>
  </CompilerOptions>
  <Debugging>
    <Exceptions Count="3">
      <Item1>
        <Name Value="EAbort"/>
      </Item1>
      <Item2>
        <Name Value="ECodetoolError"/>
      </Item2>
      <Item3>
        <Name Value="EFOpenError"/>
      </Item3>
    </Exceptions>
  </Debugging>
</CONFIG>
